
Microsoft Visual Studio Solution File, Format Version 12.00
# Visual Studio Version 17
VisualStudioVersion = 17.2.32526.322
MinimumVisualStudioVersion = 10.0.40219.1
Project("{9A19103F-16F7-4668-BE54-9A1E7A4F7556}") = "Website", "Website\Website.csproj", "{827FBE4F-E864-4FD3-AADC-5AB42BD7481A}"
EndProject
Project("{FAE04EC0-301F-11D3-BF4B-00C04F79EFBC}") = "PortfolioAPI", "PortfolioAPI\PortfolioAPI.csproj", "{19DD68FF-9CB4-4554-9221-DFE149F4C3F5}"
EndProject
Project("{FAE04EC0-301F-11D3-BF4B-00C04F79EFBC}") = "Common.Shared", "Common.Shared\Common.Shared.csproj", "{A3F094F0-8D90-4F07-BEFC-652F2485DEA3}"
EndProject
Project("{2150E333-8FDC-42A3-9474-1A3956D46DE8}") = "API", "API", "{771CFF92-2EE1-4F7D-9953-B04D179C80C1}"
EndProject
Project("{2150E333-8FDC-42A3-9474-1A3956D46DE8}") = "Common", "Common", "{AD6B1D02-15E4-4746-9527-526B0A00950F}"
EndProject
Project("{FAE04EC0-301F-11D3-BF4B-00C04F79EFBC}") = "PortfolioAPI.SDK", "Portfolio.SDK\PortfolioAPI.SDK.csproj", "{B0B3D77F-1EB6-4E24-8BBD-C2534E64C3E2}"
EndProject
Project("{2150E333-8FDC-42A3-9474-1A3956D46DE8}") = "Solution Items", "Solution Items", "{EDEAF576-5D0D-4BC5-AA3C-223BDA2E5799}"
	ProjectSection(SolutionItems) = preProject
		README.md = README.md
	EndProjectSection
EndProject
Global
	GlobalSection(SolutionConfigurationPlatforms) = preSolution
		Debug|Any CPU = Debug|Any CPU
		Release|Any CPU = Release|Any CPU
	EndGlobalSection
	GlobalSection(ProjectConfigurationPlatforms) = postSolution
		{827FBE4F-E864-4FD3-AADC-5AB42BD7481A}.Debug|Any CPU.ActiveCfg = Debug|Any CPU
		{827FBE4F-E864-4FD3-AADC-5AB42BD7481A}.Debug|Any CPU.Build.0 = Debug|Any CPU
		{827FBE4F-E864-4FD3-AADC-5AB42BD7481A}.Release|Any CPU.ActiveCfg = Release|Any CPU
		{827FBE4F-E864-4FD3-AADC-5AB42BD7481A}.Release|Any CPU.Build.0 = Release|Any CPU
		{19DD68FF-9CB4-4554-9221-DFE149F4C3F5}.Debug|Any CPU.ActiveCfg = Debug|Any CPU
		{19DD68FF-9CB4-4554-9221-DFE149F4C3F5}.Debug|Any CPU.Build.0 = Debug|Any CPU
		{19DD68FF-9CB4-4554-9221-DFE149F4C3F5}.Release|Any CPU.ActiveCfg = Release|Any CPU
		{19DD68FF-9CB4-4554-9221-DFE149F4C3F5}.Release|Any CPU.Build.0 = Release|Any CPU
		{A3F094F0-8D90-4F07-BEFC-652F2485DEA3}.Debug|Any CPU.ActiveCfg = Debug|Any CPU
		{A3F094F0-8D90-4F07-BEFC-652F2485DEA3}.Debug|Any CPU.Build.0 = Debug|Any CPU
		{A3F094F0-8D90-4F07-BEFC-652F2485DEA3}.Release|Any CPU.ActiveCfg = Release|Any CPU
		{A3F094F0-8D90-4F07-BEFC-652F2485DEA3}.Release|Any CPU.Build.0 = Release|Any CPU
		{B0B3D77F-1EB6-4E24-8BBD-C2534E64C3E2}.Debug|Any CPU.ActiveCfg = Debug|Any CPU
		{B0B3D77F-1EB6-4E24-8BBD-C2534E64C3E2}.Debug|Any CPU.Build.0 = Debug|Any CPU
		{B0B3D77F-1EB6-4E24-8BBD-C2534E64C3E2}.Release|Any CPU.ActiveCfg = Release|Any CPU
		{B0B3D77F-1EB6-4E24-8BBD-C2534E64C3E2}.Release|Any CPU.Build.0 = Release|Any CPU
	EndGlobalSection
	GlobalSection(SolutionProperties) = preSolution
		HideSolutionNode = FALSE
	EndGlobalSection
	GlobalSection(NestedProjects) = preSolution
		{A3F094F0-8D90-4F07-BEFC-652F2485DEA3} = {AD6B1D02-15E4-4746-9527-526B0A00950F}
		{B0B3D77F-1EB6-4E24-8BBD-C2534E64C3E2} = {771CFF92-2EE1-4F7D-9953-B04D179C80C1}
	EndGlobalSection
	GlobalSection(ExtensibilityGlobals) = postSolution
		SolutionGuid = {FF8CCFAA-8430-45CF-AED0-E736AFD8082C}
	EndGlobalSection
EndGlobal
